
Microsoft Visual Studio Solution File, Format Version 12.00
# Visual Studio Version 17
VisualStudioVersion = 17.5.002.0
MinimumVisualStudioVersion = 10.0.40219.1
Project("{9A19103F-16F7-4668-BE54-9A1E7A4F7556}") = "zadanie", "zadanie\zadanie.csproj", "{96D97410-07F1-4429-99A7-542B1FED3212}"
EndProject
Global
	GlobalSection(SolutionConfigurationPlatforms) = preSolution
		Debug|Any CPU = Debug|Any CPU
		Release|Any CPU = Release|Any CPU
	EndGlobalSection
	GlobalSection(ProjectConfigurationPlatforms) = postSolution
		{96D97410-07F1-4429-99A7-542B1FED3212}.Debug|Any CPU.ActiveCfg = Debug|Any CPU
		{96D97410-07F1-4429-99A7-542B1FED3212}.Debug|Any CPU.Build.0 = Debug|Any CPU
		{96D97410-07F1-4429-99A7-542B1FED3212}.Release|Any CPU.ActiveCfg = Release|Any CPU
		{96D97410-07F1-4429-99A7-542B1FED3212}.Release|Any CPU.Build.0 = Release|Any CPU
	EndGlobalSection
	GlobalSection(SolutionProperties) = preSolution
		HideSolutionNode = FALSE
	EndGlobalSection
	GlobalSection(ExtensibilityGlobals) = postSolution
		SolutionGuid = {FBDD9A33-A7F7-4BD7-B2DF-F20C9F4956A9}
	EndGlobalSection
EndGlobal
